
Microsoft Visual Studio Solution File, Format Version 12.00
# Visual Studio Version 17
VisualStudioVersion = 17.5.33627.172
MinimumVisualStudioVersion = 10.0.40219.1
Project("{FAE04EC0-301F-11D3-BF4B-00C04F79EFBC}") = "git测试项目", "git测试项目\git测试项目.csproj", "{518D5698-72F7-4FCC-A494-58AC0DF01682}"
EndProject
Global
	GlobalSection(SolutionConfigurationPlatforms) = preSolution
		Debug|Any CPU = Debug|Any CPU
		Release|Any CPU = Release|Any CPU
	EndGlobalSection
	GlobalSection(ProjectConfigurationPlatforms) = postSolution
		{518D5698-72F7-4FCC-A494-58AC0DF01682}.Debug|Any CPU.ActiveCfg = Debug|Any CPU
		{518D5698-72F7-4FCC-A494-58AC0DF01682}.Debug|Any CPU.Build.0 = Debug|Any CPU
		{518D5698-72F7-4FCC-A494-58AC0DF01682}.Release|Any CPU.ActiveCfg = Release|Any CPU
		{518D5698-72F7-4FCC-A494-58AC0DF01682}.Release|Any CPU.Build.0 = Release|Any CPU
	EndGlobalSection
	GlobalSection(SolutionProperties) = preSolution
		HideSolutionNode = FALSE
	EndGlobalSection
	GlobalSection(ExtensibilityGlobals) = postSolution
		SolutionGuid = {5733140A-0A49-4B99-852E-C2EFA5944EE1}
	EndGlobalSection
EndGlobal
